%{
  "confex": {:hex, :confex, "3.4.0", "8b1c3cc7a93320291abb31223a178df19d7f722ee816c05a8070c8c9a054560d", [:mix], [], "hexpm", "4a14e15185c772389979cf4c050ddcc7a25a4d62759da13a170e0ca7274a22c7"},
  "dialyxir": {:hex, :dialyxir, "1.0.0", "6a1fa629f7881a9f5aaf3a78f094b2a51a0357c843871b8bc98824e7342d00a5", [:mix], [{:erlex, ">= 0.2.6", [hex: :erlex, repo: "hexpm", optional: false]}], "hexpm", "aeb06588145fac14ca08d8061a142d52753dbc2cf7f0d00fc1013f53f8654654"},
  "elixir_make": {:hex, :elixir_make, "0.6.0", "38349f3e29aff4864352084fc736fa7fa0f2995a819a737554f7ebd28b85aaab", [:mix], [], "hexpm", "d522695b93b7f0b4c0fcb2dfe73a6b905b1c301226a5a55cb42e5b14d509e050"},
  "erlex": {:hex, :erlex, "0.2.6", "c7987d15e899c7a2f34f5420d2a2ea0d659682c06ac607572df55a43753aa12e", [:mix], [], "hexpm", "2ed2e25711feb44d52b17d2780eabf998452f6efda104877a3881c2f8c0c0c75"},
  "gen_state_machine": {:hex, :gen_state_machine, "2.1.0", "a38b0e53fad812d29ec149f0d354da5d1bc0d7222c3711f3a0bd5aa608b42992", [:mix], [], "hexpm", "ae367038808db25cee2f2c4b8d0531522ea587c4995eb6f96ee73410a60fa06b"},
  "hkdf": {:hex, :hkdf, "0.1.0", "24f5bb27eb2b00f183004e403eaea813ed3ad7da0c3ddec259871b10ae3fa4a9", [:mix], [], "hexpm", "4447f33ca64a8c32bb9e5cc15f8d1373430f63d1eaa20e4ab91ba31a4ca8372c"},
  "jason": {:hex, :jason, "1.2.1", "12b22825e22f468c02eb3e4b9985f3d0cb8dc40b9bd704730efa11abd2708c44", [:mix], [{:decimal, "~> 1.0", [hex: :decimal, repo: "hexpm", optional: true]}], "hexpm", "b659b8571deedf60f79c5a608e15414085fa141344e2716fbd6988a084b5f993"},
  "observer_cli": {:hex, :observer_cli, "1.5.4", "e8489b3a7c77c2155c0b67fa9f90d9afa76bf15c24fb7b312addcc117771d154", [:mix, :rebar3], [{:recon, "~>2.5.1", [hex: :recon, repo: "hexpm", optional: false]}], "hexpm", "f4825d374b22f258ad114a74796b79b86e20a03611051719f6062353c05389cb"},
  "ranch": {:hex, :ranch, "2.0.0", "fbf3d79661c071543256f9051caf19d65daa6df1cf6824d8f37a49b19a66f703", [:rebar3], [], "hexpm", "c20a4840c7d6623c19812d3a7c828b2f1bd153ef0f124cb69c54fe51d8a42ae0"},
  "recon": {:hex, :recon, "2.5.1", "430ffa60685ac1efdfb1fe4c97b8767c92d0d92e6e7c3e8621559ba77598678a", [:mix, :rebar3], [], "hexpm", "5721c6b6d50122d8f68cccac712caa1231f97894bab779eff5ff0f886cb44648"},
  "salty": {:hex, :libsalty, "0.1.3", "13332eb13ac995f5deb76903b44f96f740e1e3a6e511222bffdd8b42cd079ffb", [:make, :mix], [{:elixir_make, "~> 0.4", [hex: :elixir_make, repo: "hexpm", optional: false]}], "hexpm", "787501ea35bfa0e017fdc1af1abb1f5572940995aa4b744bbae41edf1f1a3738"},
  "tortoise": {:hex, :tortoise, "0.9.4", "3bca5f4475f80a5bd45aab644ddb3364dd0956b67f4202dcef6ed20e045ea3a6", [:mix], [{:gen_state_machine, "~> 2.0", [hex: :gen_state_machine, repo: "hexpm", optional: false]}], "hexpm", "d5c00d7c2329016376181e19f18116a10fc65691bd96b08e5b726ca050d10094"},
  "yamerl": {:hex, :yamerl, "0.8.0", "8214cfe16bbabe5d1d6c14a14aea11c784b9a21903dd6a7c74f8ce180adae5c7", [:rebar3], [], "hexpm", "010634477bf9c208a0767dcca89116c2442cf0b5e87f9c870f85cd1c3e0c2aab"},
  "yaml_elixir": {:hex, :yaml_elixir, "2.4.0", "2f444abc3c994c902851fde56b6a9cb82895c291c05a0490a289035c2e62ae71", [:mix], [{:yamerl, "~> 0.7", [hex: :yamerl, repo: "hexpm", optional: false]}], "hexpm", "4e25a6d5c873e393689c6f1062c5ec90f6cd1be2527b073178ae37eae4c78bee"},
}
