%{
  "dialyxir": {:hex, :dialyxir, "1.1.0", "c5aab0d6e71e5522e77beff7ba9e08f8e02bad90dfbeffae60eaf0cb47e29488", [:mix], [{:erlex, ">= 0.2.6", [hex: :erlex, repo: "hexpm", optional: false]}], "hexpm", "07ea8e49c45f15264ebe6d5b93799d4dd56a44036cf42d0ad9c960bc266c0b9a"},
  "elixir_make": {:hex, :elixir_make, "0.6.2", "7dffacd77dec4c37b39af867cedaabb0b59f6a871f89722c25b28fcd4bd70530", [:mix], [], "hexpm", "03e49eadda22526a7e5279d53321d1cced6552f344ba4e03e619063de75348d9"},
  "erlex": {:hex, :erlex, "0.2.6", "c7987d15e899c7a2f34f5420d2a2ea0d659682c06ac607572df55a43753aa12e", [:mix], [], "hexpm", "2ed2e25711feb44d52b17d2780eabf998452f6efda104877a3881c2f8c0c0c75"},
  "gen_state_machine": {:hex, :gen_state_machine, "3.0.0", "1e57f86a494e5c6b14137ebef26a7eb342b3b0070c7135f2d6768ed3f6b6cdff", [:mix], [], "hexpm", "0a59652574bebceb7309f6b749d2a41b45fdeda8dbb4da0791e355dd19f0ed15"},
  "hkdf": {:hex, :hkdf, "0.1.0", "24f5bb27eb2b00f183004e403eaea813ed3ad7da0c3ddec259871b10ae3fa4a9", [:mix], [], "hexpm", "4447f33ca64a8c32bb9e5cc15f8d1373430f63d1eaa20e4ab91ba31a4ca8372c"},
  "jason": {:hex, :jason, "1.2.2", "ba43e3f2709fd1aa1dce90aaabfd039d000469c05c56f0b8e31978e03fa39052", [:mix], [{:decimal, "~> 1.0 or ~> 2.0", [hex: :decimal, repo: "hexpm", optional: true]}], "hexpm", "18a228f5f0058ee183f29f9eae0805c6e59d61c3b006760668d8d18ff0d12179"},
  "libsalty2": {:hex, :libsalty2, "0.2.1", "5204fcf59f048b87a4eb790aa230cd46201616ef58223be4ae69380abb985f53", [:make, :mix], [{:elixir_make, "~> 0.4", [hex: :elixir_make, repo: "hexpm", optional: false]}], "hexpm", "9f77f7c886cf46392af94be71b230e9aa11a03f87e7619d8f6b616e092f7ef42"},
  "observer_cli": {:hex, :observer_cli, "1.6.2", "016588e9a966247401bcbf02976d468f1e6f06891dde44f873c9259c6496cca1", [:mix, :rebar3], [{:recon, "~>2.5.1", [hex: :recon, repo: "hexpm", optional: false]}], "hexpm", "c23db9e4cca0e849adc42b0a099affb9e6267c5f23a871fc6f144348b249341f"},
  "ranch": {:hex, :ranch, "2.0.0", "fbf3d79661c071543256f9051caf19d65daa6df1cf6824d8f37a49b19a66f703", [:rebar3], [], "hexpm", "c20a4840c7d6623c19812d3a7c828b2f1bd153ef0f124cb69c54fe51d8a42ae0"},
  "recon": {:hex, :recon, "2.5.2", "cba53fa8db83ad968c9a652e09c3ed7ddcc4da434f27c3eaa9ca47ffb2b1ff03", [:mix, :rebar3], [], "hexpm", "2c7523c8dee91dff41f6b3d63cba2bd49eb6d2fe5bf1eec0df7f87eb5e230e1c"},
  "salty": {:git, "https://github.com/roylez/libsalty.git", "546b61e64458f678103924dc1c8e8788a8875739", []},
  "tortoise": {:hex, :tortoise, "0.9.9", "2e467570ef1d342d4de8fdc6ba3861f841054ab524080ec3d7052ee07c04501d", [:mix], [{:gen_state_machine, "~> 2.0 or ~> 3.0", [hex: :gen_state_machine, repo: "hexpm", optional: false]}], "hexpm", "4a316220b4b443c2497f42702f0c0616af3e4b2cbc6c150ebebb51657a773797"},
  "yamerl": {:hex, :yamerl, "0.8.1", "07da13ffa1d8e13948943789665c62ccd679dfa7b324a4a2ed3149df17f453a4", [:rebar3], [], "hexpm", "96cb30f9d64344fed0ef8a92e9f16f207de6c04dfff4f366752ca79f5bceb23f"},
  "yaml_elixir": {:hex, :yaml_elixir, "2.8.0", "c7ff0034daf57279c2ce902788ce6fdb2445532eb4317e8df4b044209fae6832", [:mix], [{:yamerl, "~> 0.8", [hex: :yamerl, repo: "hexpm", optional: false]}], "hexpm", "4b674bd881e373d1ac6a790c64b2ecb69d1fd612c2af3b22de1619c15473830b"},
}
